
Microsoft Visual Studio Solution File, Format Version 12.00
Project("{FAE04EC0-301F-11D3-BF4B-00C04F79EFBC}") = "CryptoBank.API", "CryptoBank.API\CryptoBank.API.csproj", "{9BD6BB02-F78F-4B0B-83B1-60C4F8808084}"
EndProject
Project("{FAE04EC0-301F-11D3-BF4B-00C04F79EFBC}") = "CryptoBank.Application", "CryptoBank.Application\CryptoBank.Application.csproj", "{3B6639BC-DF5E-4531-BFD3-B5C68CFA7D19}"
EndProject
Project("{FAE04EC0-301F-11D3-BF4B-00C04F79EFBC}") = "CryptoBank.Domain", "CryptoBank.Domain\CryptoBank.Domain.csproj", "{CD5344AC-9EE1-41D1-8D55-013D6C21C55F}"
EndProject
Project("{FAE04EC0-301F-11D3-BF4B-00C04F79EFBC}") = "CryptoBank.Persistence", "CryptoBank.Persistence\CryptoBank.Persistence.csproj", "{58FA99D7-551C-40D5-A4C1-1AFF42B75888}"
EndProject
Project("{FAE04EC0-301F-11D3-BF4B-00C04F79EFBC}") = "CryptoBank.Infrastructure", "CryptoBank.Infrastructure\CryptoBank.Infrastructure.csproj", "{D7F85C43-47B8-4A39-8FFE-5C0C7BCD1871}"
EndProject
Project("{FAE04EC0-301F-11D3-BF4B-00C04F79EFBC}") = "CryptoBank.Contracts", "CryptoBank.Contracts\CryptoBank.Contracts.csproj", "{33A855AF-D535-4CE4-82CC-8E776A6C7406}"
EndProject
Global
	GlobalSection(SolutionConfigurationPlatforms) = preSolution
		Debug|Any CPU = Debug|Any CPU
		Release|Any CPU = Release|Any CPU
	EndGlobalSection
	GlobalSection(ProjectConfigurationPlatforms) = postSolution
		{9BD6BB02-F78F-4B0B-83B1-60C4F8808084}.Debug|Any CPU.ActiveCfg = Debug|Any CPU
		{9BD6BB02-F78F-4B0B-83B1-60C4F8808084}.Debug|Any CPU.Build.0 = Debug|Any CPU
		{9BD6BB02-F78F-4B0B-83B1-60C4F8808084}.Release|Any CPU.ActiveCfg = Release|Any CPU
		{9BD6BB02-F78F-4B0B-83B1-60C4F8808084}.Release|Any CPU.Build.0 = Release|Any CPU
		{3B6639BC-DF5E-4531-BFD3-B5C68CFA7D19}.Debug|Any CPU.ActiveCfg = Debug|Any CPU
		{3B6639BC-DF5E-4531-BFD3-B5C68CFA7D19}.Debug|Any CPU.Build.0 = Debug|Any CPU
		{3B6639BC-DF5E-4531-BFD3-B5C68CFA7D19}.Release|Any CPU.ActiveCfg = Release|Any CPU
		{3B6639BC-DF5E-4531-BFD3-B5C68CFA7D19}.Release|Any CPU.Build.0 = Release|Any CPU
		{CD5344AC-9EE1-41D1-8D55-013D6C21C55F}.Debug|Any CPU.ActiveCfg = Debug|Any CPU
		{CD5344AC-9EE1-41D1-8D55-013D6C21C55F}.Debug|Any CPU.Build.0 = Debug|Any CPU
		{CD5344AC-9EE1-41D1-8D55-013D6C21C55F}.Release|Any CPU.ActiveCfg = Release|Any CPU
		{CD5344AC-9EE1-41D1-8D55-013D6C21C55F}.Release|Any CPU.Build.0 = Release|Any CPU
		{58FA99D7-551C-40D5-A4C1-1AFF42B75888}.Debug|Any CPU.ActiveCfg = Debug|Any CPU
		{58FA99D7-551C-40D5-A4C1-1AFF42B75888}.Debug|Any CPU.Build.0 = Debug|Any CPU
		{58FA99D7-551C-40D5-A4C1-1AFF42B75888}.Release|Any CPU.ActiveCfg = Release|Any CPU
		{58FA99D7-551C-40D5-A4C1-1AFF42B75888}.Release|Any CPU.Build.0 = Release|Any CPU
		{D7F85C43-47B8-4A39-8FFE-5C0C7BCD1871}.Debug|Any CPU.ActiveCfg = Debug|Any CPU
		{D7F85C43-47B8-4A39-8FFE-5C0C7BCD1871}.Debug|Any CPU.Build.0 = Debug|Any CPU
		{D7F85C43-47B8-4A39-8FFE-5C0C7BCD1871}.Release|Any CPU.ActiveCfg = Release|Any CPU
		{D7F85C43-47B8-4A39-8FFE-5C0C7BCD1871}.Release|Any CPU.Build.0 = Release|Any CPU
		{33A855AF-D535-4CE4-82CC-8E776A6C7406}.Debug|Any CPU.ActiveCfg = Debug|Any CPU
		{33A855AF-D535-4CE4-82CC-8E776A6C7406}.Debug|Any CPU.Build.0 = Debug|Any CPU
		{33A855AF-D535-4CE4-82CC-8E776A6C7406}.Release|Any CPU.ActiveCfg = Release|Any CPU
		{33A855AF-D535-4CE4-82CC-8E776A6C7406}.Release|Any CPU.Build.0 = Release|Any CPU
	EndGlobalSection
EndGlobal
